
Microsoft Visual Studio Solution File, Format Version 12.00
# Visual Studio Version 17
VisualStudioVersion = 17.12.35527.113
MinimumVisualStudioVersion = 10.0.40219.1
Project("{FAE04EC0-301F-11D3-BF4B-00C04F79EFBC}") = "MovidaBrc", "MovidaBrc\MovidaBrc.csproj", "{D41B941F-BFAC-45BE-A6D6-59918BE51E80}"
EndProject
Project("{FAE04EC0-301F-11D3-BF4B-00C04F79EFBC}") = "MovidaBrcClient", "MovidaBrcClient\MovidaBrcClient.csproj", "{AB09B2E0-E6E4-4683-9E1A-C27A15FF1737}"
EndProject
Project("{FAE04EC0-301F-11D3-BF4B-00C04F79EFBC}") = "MovidaBrcSharedLibrary", "MovidaBrcSharedLibrary\MovidaBrcSharedLibrary.csproj", "{117918DE-B5E1-4340-89A9-1FB104F5E2A7}"
EndProject
Global
	GlobalSection(SolutionConfigurationPlatforms) = preSolution
		Debug|Any CPU = Debug|Any CPU
		Release|Any CPU = Release|Any CPU
	EndGlobalSection
	GlobalSection(ProjectConfigurationPlatforms) = postSolution
		{D41B941F-BFAC-45BE-A6D6-59918BE51E80}.Debug|Any CPU.ActiveCfg = Debug|Any CPU
		{D41B941F-BFAC-45BE-A6D6-59918BE51E80}.Debug|Any CPU.Build.0 = Debug|Any CPU
		{D41B941F-BFAC-45BE-A6D6-59918BE51E80}.Release|Any CPU.ActiveCfg = Release|Any CPU
		{D41B941F-BFAC-45BE-A6D6-59918BE51E80}.Release|Any CPU.Build.0 = Release|Any CPU
		{AB09B2E0-E6E4-4683-9E1A-C27A15FF1737}.Debug|Any CPU.ActiveCfg = Debug|Any CPU
		{AB09B2E0-E6E4-4683-9E1A-C27A15FF1737}.Debug|Any CPU.Build.0 = Debug|Any CPU
		{AB09B2E0-E6E4-4683-9E1A-C27A15FF1737}.Release|Any CPU.ActiveCfg = Release|Any CPU
		{AB09B2E0-E6E4-4683-9E1A-C27A15FF1737}.Release|Any CPU.Build.0 = Release|Any CPU
		{117918DE-B5E1-4340-89A9-1FB104F5E2A7}.Debug|Any CPU.ActiveCfg = Debug|Any CPU
		{117918DE-B5E1-4340-89A9-1FB104F5E2A7}.Debug|Any CPU.Build.0 = Debug|Any CPU
		{117918DE-B5E1-4340-89A9-1FB104F5E2A7}.Release|Any CPU.ActiveCfg = Release|Any CPU
		{117918DE-B5E1-4340-89A9-1FB104F5E2A7}.Release|Any CPU.Build.0 = Release|Any CPU
	EndGlobalSection
	GlobalSection(SolutionProperties) = preSolution
		HideSolutionNode = FALSE
	EndGlobalSection
EndGlobal
